
Microsoft Visual Studio Solution File, Format Version 12.00
# Visual Studio Version 17
VisualStudioVersion = 17.0.32014.148
MinimumVisualStudioVersion = 10.0.40219.1
Project("{9A19103F-16F7-4668-BE54-9A1E7A4F7556}") = "AoCUtilities", "AoCUtilities\AoCUtilities.csproj", "{441E9C0A-5EA8-4BEE-B495-FDFF18883D5A}"
EndProject
Project("{9A19103F-16F7-4668-BE54-9A1E7A4F7556}") = "TemplateProject", "TemplateProject\TemplateProject.csproj", "{E42CFEDE-1025-434B-B372-719C8ECFD53E}"
EndProject
Project("{9A19103F-16F7-4668-BE54-9A1E7A4F7556}") = "Day_01_Historian_Hysteria", "Day_01_Historian_Hysteria\Day_01_Historian_Hysteria.csproj", "{3D855FCC-9659-4642-ACFD-572507CAFEBA}"
EndProject
Project("{9A19103F-16F7-4668-BE54-9A1E7A4F7556}") = "Day_02_Red-Nosed_Reports", "Day_02_Red-Nosed_Reports\Day_02_Red-Nosed_Reports.csproj", "{BADB3213-CEA0-4D09-AB32-6982C05D42A9}"
EndProject
Project("{9A19103F-16F7-4668-BE54-9A1E7A4F7556}") = "Day_03_Mull_It_Over", "Day_03_Mull_It_Over\Day_03_Mull_It_Over.csproj", "{E7593E65-5BA1-4348-9758-AAA114641F52}"
EndProject
Project("{9A19103F-16F7-4668-BE54-9A1E7A4F7556}") = "Day_04_Ceres_Search", "Day_04_Ceres_Search\Day_04_Ceres_Search.csproj", "{525E683B-C813-40AB-B37E-1CEAD01BA281}"
EndProject
Project("{9A19103F-16F7-4668-BE54-9A1E7A4F7556}") = "Day_05_Print_Queue", "Day_05_Print_Queue\Day_05_Print_Queue.csproj", "{EFBFDF47-C433-4F66-B371-3EB095F85126}"
EndProject
Project("{9A19103F-16F7-4668-BE54-9A1E7A4F7556}") = "Day_06_Guard_Gallivant", "Day_06_Guard_Gallivant\Day_06_Guard_Gallivant.csproj", "{EB52FBE5-C162-42C1-98A4-CA47505FB515}"
EndProject
Global
	GlobalSection(SolutionConfigurationPlatforms) = preSolution
		Debug|Any CPU = Debug|Any CPU
		Release|Any CPU = Release|Any CPU
	EndGlobalSection
	GlobalSection(ProjectConfigurationPlatforms) = postSolution
		{441E9C0A-5EA8-4BEE-B495-FDFF18883D5A}.Debug|Any CPU.ActiveCfg = Debug|Any CPU
		{441E9C0A-5EA8-4BEE-B495-FDFF18883D5A}.Debug|Any CPU.Build.0 = Debug|Any CPU
		{441E9C0A-5EA8-4BEE-B495-FDFF18883D5A}.Release|Any CPU.ActiveCfg = Release|Any CPU
		{441E9C0A-5EA8-4BEE-B495-FDFF18883D5A}.Release|Any CPU.Build.0 = Release|Any CPU
		{E42CFEDE-1025-434B-B372-719C8ECFD53E}.Debug|Any CPU.ActiveCfg = Debug|Any CPU
		{E42CFEDE-1025-434B-B372-719C8ECFD53E}.Debug|Any CPU.Build.0 = Debug|Any CPU
		{E42CFEDE-1025-434B-B372-719C8ECFD53E}.Release|Any CPU.ActiveCfg = Release|Any CPU
		{E42CFEDE-1025-434B-B372-719C8ECFD53E}.Release|Any CPU.Build.0 = Release|Any CPU
		{3D855FCC-9659-4642-ACFD-572507CAFEBA}.Debug|Any CPU.ActiveCfg = Debug|Any CPU
		{3D855FCC-9659-4642-ACFD-572507CAFEBA}.Debug|Any CPU.Build.0 = Debug|Any CPU
		{3D855FCC-9659-4642-ACFD-572507CAFEBA}.Release|Any CPU.ActiveCfg = Release|Any CPU
		{3D855FCC-9659-4642-ACFD-572507CAFEBA}.Release|Any CPU.Build.0 = Release|Any CPU
		{BADB3213-CEA0-4D09-AB32-6982C05D42A9}.Debug|Any CPU.ActiveCfg = Debug|Any CPU
		{BADB3213-CEA0-4D09-AB32-6982C05D42A9}.Debug|Any CPU.Build.0 = Debug|Any CPU
		{BADB3213-CEA0-4D09-AB32-6982C05D42A9}.Release|Any CPU.ActiveCfg = Release|Any CPU
		{BADB3213-CEA0-4D09-AB32-6982C05D42A9}.Release|Any CPU.Build.0 = Release|Any CPU
		{E7593E65-5BA1-4348-9758-AAA114641F52}.Debug|Any CPU.ActiveCfg = Debug|Any CPU
		{E7593E65-5BA1-4348-9758-AAA114641F52}.Debug|Any CPU.Build.0 = Debug|Any CPU
		{E7593E65-5BA1-4348-9758-AAA114641F52}.Release|Any CPU.ActiveCfg = Release|Any CPU
		{E7593E65-5BA1-4348-9758-AAA114641F52}.Release|Any CPU.Build.0 = Release|Any CPU
		{525E683B-C813-40AB-B37E-1CEAD01BA281}.Debug|Any CPU.ActiveCfg = Debug|Any CPU
		{525E683B-C813-40AB-B37E-1CEAD01BA281}.Debug|Any CPU.Build.0 = Debug|Any CPU
		{525E683B-C813-40AB-B37E-1CEAD01BA281}.Release|Any CPU.ActiveCfg = Release|Any CPU
		{525E683B-C813-40AB-B37E-1CEAD01BA281}.Release|Any CPU.Build.0 = Release|Any CPU
		{EFBFDF47-C433-4F66-B371-3EB095F85126}.Debug|Any CPU.ActiveCfg = Debug|Any CPU
		{EFBFDF47-C433-4F66-B371-3EB095F85126}.Debug|Any CPU.Build.0 = Debug|Any CPU
		{EFBFDF47-C433-4F66-B371-3EB095F85126}.Release|Any CPU.ActiveCfg = Release|Any CPU
		{EFBFDF47-C433-4F66-B371-3EB095F85126}.Release|Any CPU.Build.0 = Release|Any CPU
		{EB52FBE5-C162-42C1-98A4-CA47505FB515}.Debug|Any CPU.ActiveCfg = Debug|Any CPU
		{EB52FBE5-C162-42C1-98A4-CA47505FB515}.Debug|Any CPU.Build.0 = Debug|Any CPU
		{EB52FBE5-C162-42C1-98A4-CA47505FB515}.Release|Any CPU.ActiveCfg = Release|Any CPU
		{EB52FBE5-C162-42C1-98A4-CA47505FB515}.Release|Any CPU.Build.0 = Release|Any CPU
	EndGlobalSection
	GlobalSection(SolutionProperties) = preSolution
		HideSolutionNode = FALSE
	EndGlobalSection
	GlobalSection(ExtensibilityGlobals) = postSolution
		SolutionGuid = {408FEDB9-7740-4AAE-8F73-ADC851E30817}
	EndGlobalSection
EndGlobal
